
Microsoft Visual Studio Solution File, Format Version 12.00
# Visual Studio Version 16
VisualStudioVersion = 16.0.31410.223
MinimumVisualStudioVersion = 10.0.40219.1
Project("{FAE04EC0-301F-11D3-BF4B-00C04F79EFBC}") = "DoToo.UWP", "DoToo\DoToo.UWP\DoToo.UWP.csproj", "{D2916F72-84F2-41D6-8E6F-98854E778DEE}"
EndProject
Project("{FAE04EC0-301F-11D3-BF4B-00C04F79EFBC}") = "DoToo.Android", "DoToo\DoToo.Android\DoToo.Android.csproj", "{FE473B31-4D79-4C01-B0D5-90885E6F0067}"
EndProject
Project("{FAE04EC0-301F-11D3-BF4B-00C04F79EFBC}") = "DoToo.iOS", "DoToo\DoToo.iOS\DoToo.iOS.csproj", "{440649A9-454F-402F-8B56-5B087A5D41BD}"
EndProject
Project("{FAE04EC0-301F-11D3-BF4B-00C04F79EFBC}") = "DoToo", "DoToo\DoToo\DoToo.csproj", "{D7FA5C38-6F0A-4882-8AF1-92C1038265EF}"
EndProject
Project("{2150E333-8FDC-42A3-9474-1A3956D46DE8}") = "Solution Items", "Solution Items", "{5D45A78D-75A1-42CE-B953-0A8752CE6E4A}"
	ProjectSection(SolutionItems) = preProject
		FodyWeavers.xml = FodyWeavers.xml
	EndProjectSection
EndProject
Global
	GlobalSection(SolutionConfigurationPlatforms) = preSolution
		Debug|Any CPU = Debug|Any CPU
		Debug|ARM = Debug|ARM
		Debug|iPhone = Debug|iPhone
		Debug|iPhoneSimulator = Debug|iPhoneSimulator
		Debug|x64 = Debug|x64
		Debug|x86 = Debug|x86
		Release|Any CPU = Release|Any CPU
		Release|ARM = Release|ARM
		Release|iPhone = Release|iPhone
		Release|iPhoneSimulator = Release|iPhoneSimulator
		Release|x64 = Release|x64
		Release|x86 = Release|x86
	EndGlobalSection
	GlobalSection(ProjectConfigurationPlatforms) = postSolution
		{D2916F72-84F2-41D6-8E6F-98854E778DEE}.Debug|Any CPU.ActiveCfg = Debug|x86
		{D2916F72-84F2-41D6-8E6F-98854E778DEE}.Debug|Any CPU.Build.0 = Debug|x86
		{D2916F72-84F2-41D6-8E6F-98854E778DEE}.Debug|Any CPU.Deploy.0 = Debug|x86
		{D2916F72-84F2-41D6-8E6F-98854E778DEE}.Debug|ARM.ActiveCfg = Debug|ARM
		{D2916F72-84F2-41D6-8E6F-98854E778DEE}.Debug|ARM.Build.0 = Debug|ARM
		{D2916F72-84F2-41D6-8E6F-98854E778DEE}.Debug|ARM.Deploy.0 = Debug|ARM
		{D2916F72-84F2-41D6-8E6F-98854E778DEE}.Debug|iPhone.ActiveCfg = Debug|x86
		{D2916F72-84F2-41D6-8E6F-98854E778DEE}.Debug|iPhone.Build.0 = Debug|x86
		{D2916F72-84F2-41D6-8E6F-98854E778DEE}.Debug|iPhone.Deploy.0 = Debug|x86
		{D2916F72-84F2-41D6-8E6F-98854E778DEE}.Debug|iPhoneSimulator.ActiveCfg = Debug|x86
		{D2916F72-84F2-41D6-8E6F-98854E778DEE}.Debug|iPhoneSimulator.Build.0 = Debug|x86
		{D2916F72-84F2-41D6-8E6F-98854E778DEE}.Debug|iPhoneSimulator.Deploy.0 = Debug|x86
		{D2916F72-84F2-41D6-8E6F-98854E778DEE}.Debug|x64.ActiveCfg = Debug|x64
		{D2916F72-84F2-41D6-8E6F-98854E778DEE}.Debug|x64.Build.0 = Debug|x64
		{D2916F72-84F2-41D6-8E6F-98854E778DEE}.Debug|x64.Deploy.0 = Debug|x64
		{D2916F72-84F2-41D6-8E6F-98854E778DEE}.Debug|x86.ActiveCfg = Debug|x86
		{D2916F72-84F2-41D6-8E6F-98854E778DEE}.Debug|x86.Build.0 = Debug|x86
		{D2916F72-84F2-41D6-8E6F-98854E778DEE}.Debug|x86.Deploy.0 = Debug|x86
		{D2916F72-84F2-41D6-8E6F-98854E778DEE}.Release|Any CPU.ActiveCfg = Release|x86
		{D2916F72-84F2-41D6-8E6F-98854E778DEE}.Release|Any CPU.Build.0 = Release|x86
		{D2916F72-84F2-41D6-8E6F-98854E778DEE}.Release|Any CPU.Deploy.0 = Release|x86
		{D2916F72-84F2-41D6-8E6F-98854E778DEE}.Release|ARM.ActiveCfg = Release|ARM
		{D2916F72-84F2-41D6-8E6F-98854E778DEE}.Release|ARM.Build.0 = Release|ARM
		{D2916F72-84F2-41D6-8E6F-98854E778DEE}.Release|ARM.Deploy.0 = Release|ARM
		{D2916F72-84F2-41D6-8E6F-98854E778DEE}.Release|iPhone.ActiveCfg = Release|x86
		{D2916F72-84F2-41D6-8E6F-98854E778DEE}.Release|iPhone.Build.0 = Release|x86
		{D2916F72-84F2-41D6-8E6F-98854E778DEE}.Release|iPhone.Deploy.0 = Release|x86
		{D2916F72-84F2-41D6-8E6F-98854E778DEE}.Release|iPhoneSimulator.ActiveCfg = Release|x86
		{D2916F72-84F2-41D6-8E6F-98854E778DEE}.Release|iPhoneSimulator.Build.0 = Release|x86
		{D2916F72-84F2-41D6-8E6F-98854E778DEE}.Release|iPhoneSimulator.Deploy.0 = Release|x86
		{D2916F72-84F2-41D6-8E6F-98854E778DEE}.Release|x64.ActiveCfg = Release|x64
		{D2916F72-84F2-41D6-8E6F-98854E778DEE}.Release|x64.Build.0 = Release|x64
		{D2916F72-84F2-41D6-8E6F-98854E778DEE}.Release|x64.Deploy.0 = Release|x64
		{D2916F72-84F2-41D6-8E6F-98854E778DEE}.Release|x86.ActiveCfg = Release|x86
		{D2916F72-84F2-41D6-8E6F-98854E778DEE}.Release|x86.Build.0 = Release|x86
		{D2916F72-84F2-41D6-8E6F-98854E778DEE}.Release|x86.Deploy.0 = Release|x86
		{FE473B31-4D79-4C01-B0D5-90885E6F0067}.Debug|Any CPU.ActiveCfg = Debug|Any CPU
		{FE473B31-4D79-4C01-B0D5-90885E6F0067}.Debug|Any CPU.Build.0 = Debug|Any CPU
		{FE473B31-4D79-4C01-B0D5-90885E6F0067}.Debug|Any CPU.Deploy.0 = Debug|Any CPU
		{FE473B31-4D79-4C01-B0D5-90885E6F0067}.Debug|ARM.ActiveCfg = Debug|Any CPU
		{FE473B31-4D79-4C01-B0D5-90885E6F0067}.Debug|ARM.Build.0 = Debug|Any CPU
		{FE473B31-4D79-4C01-B0D5-90885E6F0067}.Debug|ARM.Deploy.0 = Debug|Any CPU
		{FE473B31-4D79-4C01-B0D5-90885E6F0067}.Debug|iPhone.ActiveCfg = Debug|Any CPU
		{FE473B31-4D79-4C01-B0D5-90885E6F0067}.Debug|iPhone.Build.0 = Debug|Any CPU
		{FE473B31-4D79-4C01-B0D5-90885E6F0067}.Debug|iPhone.Deploy.0 = Debug|Any CPU
		{FE473B31-4D79-4C01-B0D5-90885E6F0067}.Debug|iPhoneSimulator.ActiveCfg = Debug|Any CPU
		{FE473B31-4D79-4C01-B0D5-90885E6F0067}.Debug|iPhoneSimulator.Build.0 = Debug|Any CPU
		{FE473B31-4D79-4C01-B0D5-90885E6F0067}.Debug|iPhoneSimulator.Deploy.0 = Debug|Any CPU
		{FE473B31-4D79-4C01-B0D5-90885E6F0067}.Debug|x64.ActiveCfg = Debug|Any CPU
		{FE473B31-4D79-4C01-B0D5-90885E6F0067}.Debug|x64.Build.0 = Debug|Any CPU
		{FE473B31-4D79-4C01-B0D5-90885E6F0067}.Debug|x64.Deploy.0 = Debug|Any CPU
		{FE473B31-4D79-4C01-B0D5-90885E6F0067}.Debug|x86.ActiveCfg = Debug|Any CPU
		{FE473B31-4D79-4C01-B0D5-90885E6F0067}.Debug|x86.Build.0 = Debug|Any CPU
		{FE473B31-4D79-4C01-B0D5-90885E6F0067}.Debug|x86.Deploy.0 = Debug|Any CPU
		{FE473B31-4D79-4C01-B0D5-90885E6F0067}.Release|Any CPU.ActiveCfg = Release|Any CPU
		{FE473B31-4D79-4C01-B0D5-90885E6F0067}.Release|Any CPU.Build.0 = Release|Any CPU
		{FE473B31-4D79-4C01-B0D5-90885E6F0067}.Release|Any CPU.Deploy.0 = Release|Any CPU
		{FE473B31-4D79-4C01-B0D5-90885E6F0067}.Release|ARM.ActiveCfg = Release|Any CPU
		{FE473B31-4D79-4C01-B0D5-90885E6F0067}.Release|ARM.Build.0 = Release|Any CPU
		{FE473B31-4D79-4C01-B0D5-90885E6F0067}.Release|ARM.Deploy.0 = Release|Any CPU
		{FE473B31-4D79-4C01-B0D5-90885E6F0067}.Release|iPhone.ActiveCfg = Release|Any CPU
		{FE473B31-4D79-4C01-B0D5-90885E6F0067}.Release|iPhone.Build.0 = Release|Any CPU
		{FE473B31-4D79-4C01-B0D5-90885E6F0067}.Release|iPhone.Deploy.0 = Release|Any CPU
		{FE473B31-4D79-4C01-B0D5-90885E6F0067}.Release|iPhoneSimulator.ActiveCfg = Release|Any CPU
		{FE473B31-4D79-4C01-B0D5-90885E6F0067}.Release|iPhoneSimulator.Build.0 = Release|Any CPU
		{FE473B31-4D79-4C01-B0D5-90885E6F0067}.Release|iPhoneSimulator.Deploy.0 = Release|Any CPU
		{FE473B31-4D79-4C01-B0D5-90885E6F0067}.Release|x64.ActiveCfg = Release|Any CPU
		{FE473B31-4D79-4C01-B0D5-90885E6F0067}.Release|x64.Build.0 = Release|Any CPU
		{FE473B31-4D79-4C01-B0D5-90885E6F0067}.Release|x64.Deploy.0 = Release|Any CPU
		{FE473B31-4D79-4C01-B0D5-90885E6F0067}.Release|x86.ActiveCfg = Release|Any CPU
		{FE473B31-4D79-4C01-B0D5-90885E6F0067}.Release|x86.Build.0 = Release|Any CPU
		{FE473B31-4D79-4C01-B0D5-90885E6F0067}.Release|x86.Deploy.0 = Release|Any CPU
		{440649A9-454F-402F-8B56-5B087A5D41BD}.Debug|Any CPU.ActiveCfg = Debug|iPhoneSimulator
		{440649A9-454F-402F-8B56-5B087A5D41BD}.Debug|Any CPU.Build.0 = Debug|iPhoneSimulator
		{440649A9-454F-402F-8B56-5B087A5D41BD}.Debug|Any CPU.Deploy.0 = Debug|iPhoneSimulator
		{440649A9-454F-402F-8B56-5B087A5D41BD}.Debug|ARM.ActiveCfg = Debug|iPhone
		{440649A9-454F-402F-8B56-5B087A5D41BD}.Debug|ARM.Build.0 = Debug|iPhone
		{440649A9-454F-402F-8B56-5B087A5D41BD}.Debug|ARM.Deploy.0 = Debug|iPhone
		{440649A9-454F-402F-8B56-5B087A5D41BD}.Debug|iPhone.ActiveCfg = Debug|iPhone
		{440649A9-454F-402F-8B56-5B087A5D41BD}.Debug|iPhone.Build.0 = Debug|iPhone
		{440649A9-454F-402F-8B56-5B087A5D41BD}.Debug|iPhone.Deploy.0 = Debug|iPhone
		{440649A9-454F-402F-8B56-5B087A5D41BD}.Debug|iPhoneSimulator.ActiveCfg = Debug|iPhoneSimulator
		{440649A9-454F-402F-8B56-5B087A5D41BD}.Debug|iPhoneSimulator.Build.0 = Debug|iPhoneSimulator
		{440649A9-454F-402F-8B56-5B087A5D41BD}.Debug|iPhoneSimulator.Deploy.0 = Debug|iPhoneSimulator
		{440649A9-454F-402F-8B56-5B087A5D41BD}.Debug|x64.ActiveCfg = Debug|iPhoneSimulator
		{440649A9-454F-402F-8B56-5B087A5D41BD}.Debug|x64.Build.0 = Debug|iPhoneSimulator
		{440649A9-454F-402F-8B56-5B087A5D41BD}.Debug|x64.Deploy.0 = Debug|iPhoneSimulator
		{440649A9-454F-402F-8B56-5B087A5D41BD}.Debug|x86.ActiveCfg = Debug|iPhoneSimulator
		{440649A9-454F-402F-8B56-5B087A5D41BD}.Debug|x86.Build.0 = Debug|iPhoneSimulator
		{440649A9-454F-402F-8B56-5B087A5D41BD}.Debug|x86.Deploy.0 = Debug|iPhoneSimulator
		{440649A9-454F-402F-8B56-5B087A5D41BD}.Release|Any CPU.ActiveCfg = Release|iPhoneSimulator
		{440649A9-454F-402F-8B56-5B087A5D41BD}.Release|Any CPU.Build.0 = Release|iPhoneSimulator
		{440649A9-454F-402F-8B56-5B087A5D41BD}.Release|Any CPU.Deploy.0 = Release|iPhoneSimulator
		{440649A9-454F-402F-8B56-5B087A5D41BD}.Release|ARM.ActiveCfg = Release|iPhoneSimulator
		{440649A9-454F-402F-8B56-5B087A5D41BD}.Release|ARM.Build.0 = Release|iPhoneSimulator
		{440649A9-454F-402F-8B56-5B087A5D41BD}.Release|ARM.Deploy.0 = Release|iPhoneSimulator
		{440649A9-454F-402F-8B56-5B087A5D41BD}.Release|iPhone.ActiveCfg = Release|iPhone
		{440649A9-454F-402F-8B56-5B087A5D41BD}.Release|iPhone.Build.0 = Release|iPhone
		{440649A9-454F-402F-8B56-5B087A5D41BD}.Release|iPhone.Deploy.0 = Release|iPhone
		{440649A9-454F-402F-8B56-5B087A5D41BD}.Release|iPhoneSimulator.ActiveCfg = Release|iPhoneSimulator
		{440649A9-454F-402F-8B56-5B087A5D41BD}.Release|iPhoneSimulator.Build.0 = Release|iPhoneSimulator
		{440649A9-454F-402F-8B56-5B087A5D41BD}.Release|iPhoneSimulator.Deploy.0 = Release|iPhoneSimulator
		{440649A9-454F-402F-8B56-5B087A5D41BD}.Release|x64.ActiveCfg = Release|iPhoneSimulator
		{440649A9-454F-402F-8B56-5B087A5D41BD}.Release|x64.Build.0 = Release|iPhoneSimulator
		{440649A9-454F-402F-8B56-5B087A5D41BD}.Release|x64.Deploy.0 = Release|iPhoneSimulator
		{440649A9-454F-402F-8B56-5B087A5D41BD}.Release|x86.ActiveCfg = Release|iPhoneSimulator
		{440649A9-454F-402F-8B56-5B087A5D41BD}.Release|x86.Build.0 = Release|iPhoneSimulator
		{440649A9-454F-402F-8B56-5B087A5D41BD}.Release|x86.Deploy.0 = Release|iPhoneSimulator
		{D7FA5C38-6F0A-4882-8AF1-92C1038265EF}.Debug|Any CPU.ActiveCfg = Debug|Any CPU
		{D7FA5C38-6F0A-4882-8AF1-92C1038265EF}.Debug|Any CPU.Build.0 = Debug|Any CPU
		{D7FA5C38-6F0A-4882-8AF1-92C1038265EF}.Debug|Any CPU.Deploy.0 = Debug|Any CPU
		{D7FA5C38-6F0A-4882-8AF1-92C1038265EF}.Debug|ARM.ActiveCfg = Debug|Any CPU
		{D7FA5C38-6F0A-4882-8AF1-92C1038265EF}.Debug|ARM.Build.0 = Debug|Any CPU
		{D7FA5C38-6F0A-4882-8AF1-92C1038265EF}.Debug|ARM.Deploy.0 = Debug|Any CPU
		{D7FA5C38-6F0A-4882-8AF1-92C1038265EF}.Debug|iPhone.ActiveCfg = Debug|Any CPU
		{D7FA5C38-6F0A-4882-8AF1-92C1038265EF}.Debug|iPhone.Build.0 = Debug|Any CPU
		{D7FA5C38-6F0A-4882-8AF1-92C1038265EF}.Debug|iPhone.Deploy.0 = Debug|Any CPU
		{D7FA5C38-6F0A-4882-8AF1-92C1038265EF}.Debug|iPhoneSimulator.ActiveCfg = Debug|Any CPU
		{D7FA5C38-6F0A-4882-8AF1-92C1038265EF}.Debug|iPhoneSimulator.Build.0 = Debug|Any CPU
		{D7FA5C38-6F0A-4882-8AF1-92C1038265EF}.Debug|iPhoneSimulator.Deploy.0 = Debug|Any CPU
		{D7FA5C38-6F0A-4882-8AF1-92C1038265EF}.Debug|x64.ActiveCfg = Debug|Any CPU
		{D7FA5C38-6F0A-4882-8AF1-92C1038265EF}.Debug|x64.Build.0 = Debug|Any CPU
		{D7FA5C38-6F0A-4882-8AF1-92C1038265EF}.Debug|x64.Deploy.0 = Debug|Any CPU
		{D7FA5C38-6F0A-4882-8AF1-92C1038265EF}.Debug|x86.ActiveCfg = Debug|Any CPU
		{D7FA5C38-6F0A-4882-8AF1-92C1038265EF}.Debug|x86.Build.0 = Debug|Any CPU
		{D7FA5C38-6F0A-4882-8AF1-92C1038265EF}.Debug|x86.Deploy.0 = Debug|Any CPU
		{D7FA5C38-6F0A-4882-8AF1-92C1038265EF}.Release|Any CPU.ActiveCfg = Release|Any CPU
		{D7FA5C38-6F0A-4882-8AF1-92C1038265EF}.Release|Any CPU.Build.0 = Release|Any CPU
		{D7FA5C38-6F0A-4882-8AF1-92C1038265EF}.Release|Any CPU.Deploy.0 = Release|Any CPU
		{D7FA5C38-6F0A-4882-8AF1-92C1038265EF}.Release|ARM.ActiveCfg = Release|Any CPU
		{D7FA5C38-6F0A-4882-8AF1-92C1038265EF}.Release|ARM.Build.0 = Release|Any CPU
		{D7FA5C38-6F0A-4882-8AF1-92C1038265EF}.Release|ARM.Deploy.0 = Release|Any CPU
		{D7FA5C38-6F0A-4882-8AF1-92C1038265EF}.Release|iPhone.ActiveCfg = Release|Any CPU
		{D7FA5C38-6F0A-4882-8AF1-92C1038265EF}.Release|iPhone.Build.0 = Release|Any CPU
		{D7FA5C38-6F0A-4882-8AF1-92C1038265EF}.Release|iPhone.Deploy.0 = Release|Any CPU
		{D7FA5C38-6F0A-4882-8AF1-92C1038265EF}.Release|iPhoneSimulator.ActiveCfg = Release|Any CPU
		{D7FA5C38-6F0A-4882-8AF1-92C1038265EF}.Release|iPhoneSimulator.Build.0 = Release|Any CPU
		{D7FA5C38-6F0A-4882-8AF1-92C1038265EF}.Release|iPhoneSimulator.Deploy.0 = Release|Any CPU
		{D7FA5C38-6F0A-4882-8AF1-92C1038265EF}.Release|x64.ActiveCfg = Release|Any CPU
		{D7FA5C38-6F0A-4882-8AF1-92C1038265EF}.Release|x64.Build.0 = Release|Any CPU
		{D7FA5C38-6F0A-4882-8AF1-92C1038265EF}.Release|x64.Deploy.0 = Release|Any CPU
		{D7FA5C38-6F0A-4882-8AF1-92C1038265EF}.Release|x86.ActiveCfg = Release|Any CPU
		{D7FA5C38-6F0A-4882-8AF1-92C1038265EF}.Release|x86.Build.0 = Release|Any CPU
		{D7FA5C38-6F0A-4882-8AF1-92C1038265EF}.Release|x86.Deploy.0 = Release|Any CPU
	EndGlobalSection
	GlobalSection(SolutionProperties) = preSolution
		HideSolutionNode = FALSE
	EndGlobalSection
	GlobalSection(ExtensibilityGlobals) = postSolution
		SolutionGuid = {3AEA322C-8CD4-4FCF-9CC1-32A54D9A24EF}
	EndGlobalSection
EndGlobal
